{
  "name": "bacon-node",
  "version": "1.0.11",
  "lockfileVersion": 1,
  "requires": true,
  "dependencies": {
    "lodash": {
      "version": "4.17.10",
      "resolved": "https://pkgs.dev.azure.com/codesharing-demo/_packaging/codesharing-demo/npm/registry/lodash/-/lodash-4.17.10.tgz",
      "integrity": "sha1-G3eTz3JZ6jj7NmHU04syYK+K5Oc="
    }
  }
}
